
Microsoft Visual Studio Solution File, Format Version 12.00
# Visual Studio 15
VisualStudioVersion = 15.0.27428.2043
MinimumVisualStudioVersion = 10.0.40219.1
Project("{FAE04EC0-301F-11D3-BF4B-00C04F79EFBC}") = "LocalElectionTr", "LocalElectionTr\LocalElectionTr.csproj", "{98230875-ED4C-4EEA-8B84-A602B5ACBADB}"
EndProject
Global
	GlobalSection(SolutionConfigurationPlatforms) = preSolution
		Debug|Any CPU = Debug|Any CPU
		Release|Any CPU = Release|Any CPU
	EndGlobalSection
	GlobalSection(ProjectConfigurationPlatforms) = postSolution
		{98230875-ED4C-4EEA-8B84-A602B5ACBADB}.Debug|Any CPU.ActiveCfg = Debug|Any CPU
		{98230875-ED4C-4EEA-8B84-A602B5ACBADB}.Debug|Any CPU.Build.0 = Debug|Any CPU
		{98230875-ED4C-4EEA-8B84-A602B5ACBADB}.Release|Any CPU.ActiveCfg = Release|Any CPU
		{98230875-ED4C-4EEA-8B84-A602B5ACBADB}.Release|Any CPU.Build.0 = Release|Any CPU
	EndGlobalSection
	GlobalSection(SolutionProperties) = preSolution
		HideSolutionNode = FALSE
	EndGlobalSection
	GlobalSection(ExtensibilityGlobals) = postSolution
		SolutionGuid = {A5FE19C5-1992-4444-AF4B-F1ADB4D7B122}
	EndGlobalSection
EndGlobal
